// !$*UTF8*$!
{
	archiveVersion = 1;
	classes = {
	};
	objectVersion = 50;
	objects = {

/* Begin PBXBuildFile section */
		22CF44222604E1C80063EB84 /* AppDelegate.swift in Sources */ = {isa = PBXBuildFile; fileRef = 22CF44212604E1C80063EB84 /* AppDelegate.swift */; };
		22CF44242604E1C80063EB84 /* SceneDelegate.swift in Sources */ = {isa = PBXBuildFile; fileRef = 22CF44232604E1C80063EB84 /* SceneDelegate.swift */; };
		22CF44262604E1C80063EB84 /* ViewController.swift in Sources */ = {isa = PBXBuildFile; fileRef = 22CF44252604E1C80063EB84 /* ViewController.swift */; };
		22CF44292604E1C80063EB84 /* Main.storyboard in Resources */ = {isa = PBXBuildFile; fileRef = 22CF44272604E1C80063EB84 /* Main.storyboard */; };
		22CF442B2604E1CA0063EB84 /* Assets.xcassets in Resources */ = {isa = PBXBuildFile; fileRef = 22CF442A2604E1CA0063EB84 /* Assets.xcassets */; };
		22CF442E2604E1CA0063EB84 /* LaunchScreen.storyboard in Resources */ = {isa = PBXBuildFile; fileRef = 22CF442C2604E1CA0063EB84 /* LaunchScreen.storyboard */; };
		22CF443D2604EE660063EB84 /* CustomTVC.swift in Sources */ = {isa = PBXBuildFile; fileRef = 22CF443C2604EE660063EB84 /* CustomTVC.swift */; };
		22CF44432604F08E0063EB84 /* CustomHeader.swift in Sources */ = {isa = PBXBuildFile; fileRef = 22CF44422604F08E0063EB84 /* CustomHeader.swift */; };
		22CF44472604F2A20063EB84 /* CustomCVC.swift in Sources */ = {isa = PBXBuildFile; fileRef = 22CF44462604F2A20063EB84 /* CustomCVC.swift */; };
		22CF445126052F800063EB84 /* FirstSectionCV.swift in Sources */ = {isa = PBXBuildFile; fileRef = 22CF445026052F800063EB84 /* FirstSectionCV.swift */; };
		22CF4459260531570063EB84 /* FirstSectionCVC.swift in Sources */ = {isa = PBXBuildFile; fileRef = 22CF4458260531570063EB84 /* FirstSectionCVC.swift */; };
/* End PBXBuildFile section */

/* Begin PBXFileReference section */
		22CF441E2604E1C80063EB84 /* Task7_AmazonPrime.app */ = {isa = PBXFileReference; explicitFileType = wrapper.application; includeInIndex = 0; path = Task7_AmazonPrime.app; sourceTree = BUILT_PRODUCTS_DIR; };
		22CF44212604E1C80063EB84 /* AppDelegate.swift */ = {isa = PBXFileReference; lastKnownFileType = sourcecode.swift; path = AppDelegate.swift; sourceTree = "<group>"; };
		22CF44232604E1C80063EB84 /* SceneDelegate.swift */ = {isa = PBXFileReference; lastKnownFileType = sourcecode.swift; path = SceneDelegate.swift; sourceTree = "<group>"; };
		22CF44252604E1C80063EB84 /* ViewController.swift */ = {isa = PBXFileReference; lastKnownFileType = sourcecode.swift; path = ViewController.swift; sourceTree = "<group>"; };
		22CF44282604E1C80063EB84 /* Base */ = {isa = PBXFileReference; lastKnownFileType = file.storyboard; name = Base; path = Base.lproj/Main.storyboard; sourceTree = "<group>"; };
		22CF442A2604E1CA0063EB84 /* Assets.xcassets */ = {isa = PBXFileReference; lastKnownFileType = folder.assetcatalog; path = Assets.xcassets; sourceTree = "<group>"; };
		22CF442D2604E1CA0063EB84 /* Base */ = {isa = PBXFileReference; lastKnownFileType = file.storyboard; name = Base; path = Base.lproj/LaunchScreen.storyboard; sourceTree = "<group>"; };
		22CF442F2604E1CA0063EB84 /* Info.plist */ = {isa = PBXFileReference; lastKnownFileType = text.plist.xml; path = Info.plist; sourceTree = "<group>"; };
		22CF443C2604EE660063EB84 /* CustomTVC.swift */ = {isa = PBXFileReference; lastKnownFileType = sourcecode.swift; path = CustomTVC.swift; sourceTree = "<group>"; };
		22CF44422604F08E0063EB84 /* CustomHeader.swift */ = {isa = PBXFileReference; lastKnownFileType = sourcecode.swift; path = CustomHeader.swift; sourceTree = "<group>"; };
		22CF44462604F2A20063EB84 /* CustomCVC.swift */ = {isa = PBXFileReference; lastKnownFileType = sourcecode.swift; path = CustomCVC.swift; sourceTree = "<group>"; };
		22CF445026052F800063EB84 /* FirstSectionCV.swift */ = {isa = PBXFileReference; lastKnownFileType = sourcecode.swift; path = FirstSectionCV.swift; sourceTree = "<group>"; };
		22CF4458260531570063EB84 /* FirstSectionCVC.swift */ = {isa = PBXFileReference; lastKnownFileType = sourcecode.swift; path = FirstSectionCVC.swift; sourceTree = "<group>"; };
/* End PBXFileReference section */

/* Begin PBXFrameworksBuildPhase section */
		22CF441B2604E1C80063EB84 /* Frameworks */ = {
			isa = PBXFrameworksBuildPhase;
			buildActionMask = 2147483647;
			files = (
			);
			runOnlyForDeploymentPostprocessing = 0;
		};
/* End PBXFrameworksBuildPhase section */

/* Begin PBXGroup section */
		22CF44152604E1C80063EB84 = {
			isa = PBXGroup;
			children = (
				22CF44202604E1C80063EB84 /* Task7_AmazonPrime */,
				22CF441F2604E1C80063EB84 /* Products */,
			);
			sourceTree = "<group>";
		};
		22CF441F2604E1C80063EB84 /* Products */ = {
			isa = PBXGroup;
			children = (
				22CF441E2604E1C80063EB84 /* Task7_AmazonPrime.app */,
			);
			name = Products;
			sourceTree = "<group>";
		};
		22CF44202604E1C80063EB84 /* Task7_AmazonPrime */ = {
			isa = PBXGroup;
			children = (
				22CF44212604E1C80063EB84 /* AppDelegate.swift */,
				22CF44232604E1C80063EB84 /* SceneDelegate.swift */,
				22CF44252604E1C80063EB84 /* ViewController.swift */,
				22CF443C2604EE660063EB84 /* CustomTVC.swift */,
				22CF44422604F08E0063EB84 /* CustomHeader.swift */,
				22CF44462604F2A20063EB84 /* CustomCVC.swift */,
				22CF445026052F800063EB84 /* FirstSectionCV.swift */,
				22CF4458260531570063EB84 /* FirstSectionCVC.swift */,
				22CF44272604E1C80063EB84 /* Main.storyboard */,
				22CF442A2604E1CA0063EB84 /* Assets.xcassets */,
				22CF442C2604E1CA0063EB84 /* LaunchScreen.storyboard */,
				22CF442F2604E1CA0063EB84 /* Info.plist */,
			);
			path = Task7_AmazonPrime;
			sourceTree = "<group>";
		};
/* End PBXGroup section */

/* Begin PBXNativeTarget section */
		22CF441D2604E1C80063EB84 /* Task7_AmazonPrime */ = {
			isa = PBXNativeTarget;
			buildConfigurationList = 22CF44322604E1CA0063EB84 /* Build configuration list for PBXNativeTarget "Task7_AmazonPrime" */;
			buildPhases = (
				22CF441A2604E1C80063EB84 /* Sources */,
				22CF441B2604E1C80063EB84 /* Frameworks */,
				22CF441C2604E1C80063EB84 /* Resources */,
			);
			buildRules = (
			);
			dependencies = (
			);
			name = Task7_AmazonPrime;
			productName = Task7_AmazonPrime;
			productReference = 22CF441E2604E1C80063EB84 /* Task7_AmazonPrime.app */;
			productType = "com.apple.product-type.application";
		};
/* End PBXNativeTarget section */

/* Begin PBXProject section */
		22CF44162604E1C80063EB84 /* Project object */ = {
			isa = PBXProject;
			attributes = {
				LastSwiftUpdateCheck = 1240;
				LastUpgradeCheck = 1240;
				TargetAttributes = {
					22CF441D2604E1C80063EB84 = {
						CreatedOnToolsVersion = 12.4;
					};
				};
			};
			buildConfigurationList = 22CF44192604E1C80063EB84 /* Build configuration list for PBXProject "Task7_AmazonPrime" */;
			compatibilityVersion = "Xcode 9.3";
			developmentRegion = en;
			hasScannedForEncodings = 0;
			knownRegions = (
				en,
				Base,
			);
			mainGroup = 22CF44152604E1C80063EB84;
			productRefGroup = 22CF441F2604E1C80063EB84 /* Products */;
			projectDirPath = "";
			projectRoot = "";
			targets = (
				22CF441D2604E1C80063EB84 /* Task7_AmazonPrime */,
			);
		};
/* End PBXProject section */

/* Begin PBXResourcesBuildPhase section */
		22CF441C2604E1C80063EB84 /* Resources */ = {
			isa = PBXResourcesBuildPhase;
			buildActionMask = 2147483647;
			files = (
				22CF442E2604E1CA0063EB84 /* LaunchScreen.storyboard in Resources */,
				22CF442B2604E1CA0063EB84 /* Assets.xcassets in Resources */,
				22CF44292604E1C80063EB84 /* Main.storyboard in Resources */,
			);
			runOnlyForDeploymentPostprocessing = 0;
		};
/* End PBXResourcesBuildPhase section */

/* Begin PBXSourcesBuildPhase section */
		22CF441A2604E1C80063EB84 /* Sources */ = {
			isa = PBXSourcesBuildPhase;
			buildActionMask = 2147483647;
			files = (
				22CF44262604E1C80063EB84 /* ViewController.swift in Sources */,
				22CF4459260531570063EB84 /* FirstSectionCVC.swift in Sources */,
				22CF445126052F800063EB84 /* FirstSectionCV.swift in Sources */,
				22CF44222604E1C80063EB84 /* AppDelegate.swift in Sources */,
				22CF443D2604EE660063EB84 /* CustomTVC.swift in Sources */,
				22CF44472604F2A20063EB84 /* CustomCVC.swift in Sources */,
				22CF44242604E1C80063EB84 /* SceneDelegate.swift in Sources */,
				22CF44432604F08E0063EB84 /* CustomHeader.swift in Sources */,
			);
			runOnlyForDeploymentPostprocessing = 0;
		};
/* End PBXSourcesBuildPhase section */

/* Begin PBXVariantGroup section */
		22CF44272604E1C80063EB84 /* Main.storyboard */ = {
			isa = PBXVariantGroup;
			children = (
				22CF44282604E1C80063EB84 /* Base */,
			);
			name = Main.storyboard;
			sourceTree = "<group>";
		};
		22CF442C2604E1CA0063EB84 /* LaunchScreen.storyboard */ = {
			isa = PBXVariantGroup;
			children = (
				22CF442D2604E1CA0063EB84 /* Base */,
			);
			name = LaunchScreen.storyboard;
			sourceTree = "<group>";
		};
/* End PBXVariantGroup section */

/* Begin XCBuildConfiguration section */
		22CF44302604E1CA0063EB84 /* Debug */ = {
			isa = XCBuildConfiguration;
			buildSettings = {
				ALWAYS_SEARCH_USER_PATHS = NO;
				CLANG_ANALYZER_NONNULL = YES;
				CLANG_ANALYZER_NUMBER_OBJECT_CONVERSION = YES_AGGRESSIVE;
				CLANG_CXX_LANGUAGE_STANDARD = "gnu++14";
				CLANG_CXX_LIBRARY = "libc++";
				CLANG_ENABLE_MODULES = YES;
				CLANG_ENABLE_OBJC_ARC = YES;
				CLANG_ENABLE_OBJC_WEAK = YES;
				CLANG_WARN_BLOCK_CAPTURE_AUTORELEASING = YES;
				CLANG_WARN_BOOL_CONVERSION = YES;
				CLANG_WARN_COMMA = YES;
				CLANG_WARN_CONSTANT_CONVERSION = YES;
				CLANG_WARN_DEPRECATED_OBJC_IMPLEMENTATIONS = YES;
				CLANG_WARN_DIRECT_OBJC_ISA_USAGE = YES_ERROR;
				CLANG_WARN_DOCUMENTATION_COMMENTS = YES;
				CLANG_WARN_EMPTY_BODY = YES;
				CLANG_WARN_ENUM_CONVERSION = YES;
				CLANG_WARN_INFINITE_RECURSION = YES;
				CLANG_WARN_INT_CONVERSION = YES;
				CLANG_WARN_NON_LITERAL_NULL_CONVERSION = YES;
				CLANG_WARN_OBJC_IMPLICIT_RETAIN_SELF = YES;
				CLANG_WARN_OBJC_LITERAL_CONVERSION = YES;
				CLANG_WARN_OBJC_ROOT_CLASS = YES_ERROR;
				CLANG_WARN_QUOTED_INCLUDE_IN_FRAMEWORK_HEADER = YES;
				CLANG_WARN_RANGE_LOOP_ANALYSIS = YES;
				CLANG_WARN_STRICT_PROTOTYPES = YES;
				CLANG_WARN_SUSPICIOUS_MOVE = YES;
				CLANG_WARN_UNGUARDED_AVAILABILITY = YES_AGGRESSIVE;
				CLANG_WARN_UNREACHABLE_CODE = YES;
				CLANG_WARN__DUPLICATE_METHOD_MATCH = YES;
				COPY_PHASE_STRIP = NO;
				DEBUG_INFORMATION_FORMAT = dwarf;
				ENABLE_STRICT_OBJC_MSGSEND = YES;
				ENABLE_TESTABILITY = YES;
				GCC_C_LANGUAGE_STANDARD = gnu11;
				GCC_DYNAMIC_NO_PIC = NO;
				GCC_NO_COMMON_BLOCKS = YES;
				GCC_OPTIMIZATION_LEVEL = 0;
				GCC_PREPROCESSOR_DEFINITIONS = (
					"DEBUG=1",
					"$(inherited)",
				);
				GCC_WARN_64_TO_32_BIT_CONVERSION = YES;
				GCC_WARN_ABOUT_RETURN_TYPE = YES_ERROR;
				GCC_WARN_UNDECLARED_SELECTOR = YES;
				GCC_WARN_UNINITIALIZED_AUTOS = YES_AGGRESSIVE;
				GCC_WARN_UNUSED_FUNCTION = YES;
				GCC_WARN_UNUSED_VARIABLE = YES;
				IPHONEOS_DEPLOYMENT_TARGET = 14.4;
				MTL_ENABLE_DEBUG_INFO = INCLUDE_SOURCE;
				MTL_FAST_MATH = YES;
				ONLY_ACTIVE_ARCH = YES;
				SDKROOT = iphoneos;
				SWIFT_ACTIVE_COMPILATION_CONDITIONS = DEBUG;
				SWIFT_OPTIMIZATION_LEVEL = "-Onone";
			};
			name = Debug;
		};
		22CF44312604E1CA0063EB84 /* Release */ = {
			isa = XCBuildConfiguration;
			buildSettings = {
				ALWAYS_SEARCH_USER_PATHS = NO;
				CLANG_ANALYZER_NONNULL = YES;
				CLANG_ANALYZER_NUMBER_OBJECT_CONVERSION = YES_AGGRESSIVE;
				CLANG_CXX_LANGUAGE_STANDARD = "gnu++14";
				CLANG_CXX_LIBRARY = "libc++";
				CLANG_ENABLE_MODULES = YES;
				CLANG_ENABLE_OBJC_ARC = YES;
				CLANG_ENABLE_OBJC_WEAK = YES;
				CLANG_WARN_BLOCK_CAPTURE_AUTORELEASING = YES;
				CLANG_WARN_BOOL_CONVERSION = YES;
				CLANG_WARN_COMMA = YES;
				CLANG_WARN_CONSTANT_CONVERSION = YES;
				CLANG_WARN_DEPRECATED_OBJC_IMPLEMENTATIONS = YES;
				CLANG_WARN_DIRECT_OBJC_ISA_USAGE = YES_ERROR;
				CLANG_WARN_DOCUMENTATION_COMMENTS = YES;
				CLANG_WARN_EMPTY_BODY = YES;
				CLANG_WARN_ENUM_CONVERSION = YES;
				CLANG_WARN_INFINITE_RECURSION = YES;
				CLANG_WARN_INT_CONVERSION = YES;
				CLANG_WARN_NON_LITERAL_NULL_CONVERSION = YES;
				CLANG_WARN_OBJC_IMPLICIT_RETAIN_SELF = YES;
				CLANG_WARN_OBJC_LITERAL_CONVERSION = YES;
				CLANG_WARN_OBJC_ROOT_CLASS = YES_ERROR;
				CLANG_WARN_QUOTED_INCLUDE_IN_FRAMEWORK_HEADER = YES;
				CLANG_WARN_RANGE_LOOP_ANALYSIS = YES;
				CLANG_WARN_STRICT_PROTOTYPES = YES;
				CLANG_WARN_SUSPICIOUS_MOVE = YES;
				CLANG_WARN_UNGUARDED_AVAILABILITY = YES_AGGRESSIVE;
				CLANG_WARN_UNREACHABLE_CODE = YES;
				CLANG_WARN__DUPLICATE_METHOD_MATCH = YES;
				COPY_PHASE_STRIP = NO;
				DEBUG_INFORMATION_FORMAT = "dwarf-with-dsym";
				ENABLE_NS_ASSERTIONS = NO;
				ENABLE_STRICT_OBJC_MSGSEND = YES;
				GCC_C_LANGUAGE_STANDARD = gnu11;
				GCC_NO_COMMON_BLOCKS = YES;
				GCC_WARN_64_TO_32_BIT_CONVERSION = YES;
				GCC_WARN_ABOUT_RETURN_TYPE = YES_ERROR;
				GCC_WARN_UNDECLARED_SELECTOR = YES;
				GCC_WARN_UNINITIALIZED_AUTOS = YES_AGGRESSIVE;
				GCC_WARN_UNUSED_FUNCTION = YES;
				GCC_WARN_UNUSED_VARIABLE = YES;
				IPHONEOS_DEPLOYMENT_TARGET = 14.4;
				MTL_ENABLE_DEBUG_INFO = NO;
				MTL_FAST_MATH = YES;
				SDKROOT = iphoneos;
				SWIFT_COMPILATION_MODE = wholemodule;
				SWIFT_OPTIMIZATION_LEVEL = "-O";
				VALIDATE_PRODUCT = YES;
			};
			name = Release;
		};
		22CF44332604E1CA0063EB84 /* Debug */ = {
			isa = XCBuildConfiguration;
			buildSettings = {
				ASSETCATALOG_COMPILER_APPICON_NAME = AppIcon;
				ASSETCATALOG_COMPILER_GLOBAL_ACCENT_COLOR_NAME = AccentColor;
				CODE_SIGN_STYLE = Automatic;
				DEVELOPMENT_TEAM = FL949C72N2;
				INFOPLIST_FILE = Task7_AmazonPrime/Info.plist;
				LD_RUNPATH_SEARCH_PATHS = (
					"$(inherited)",
					"@executable_path/Frameworks",
				);
				PRODUCT_BUNDLE_IDENTIFIER = "com.Neha.Task7-AmazonPrime";
				PRODUCT_NAME = "$(TARGET_NAME)";
				SWIFT_VERSION = 5.0;
				TARGETED_DEVICE_FAMILY = "1,2";
			};
			name = Debug;
		};
		22CF44342604E1CA0063EB84 /* Release */ = {
			isa = XCBuildConfiguration;
			buildSettings = {
				ASSETCATALOG_COMPILER_APPICON_NAME = AppIcon;
				ASSETCATALOG_COMPILER_GLOBAL_ACCENT_COLOR_NAME = AccentColor;
				CODE_SIGN_STYLE = Automatic;
				DEVELOPMENT_TEAM = FL949C72N2;
				INFOPLIST_FILE = Task7_AmazonPrime/Info.plist;
				LD_RUNPATH_SEARCH_PATHS = (
					"$(inherited)",
					"@executable_path/Frameworks",
				);
				PRODUCT_BUNDLE_IDENTIFIER = "com.Neha.Task7-AmazonPrime";
				PRODUCT_NAME = "$(TARGET_NAME)";
				SWIFT_VERSION = 5.0;
				TARGETED_DEVICE_FAMILY = "1,2";
			};
			name = Release;
		};
/* End XCBuildConfiguration section */

/* Begin XCConfigurationList section */
		22CF44192604E1C80063EB84 /* Build configuration list for PBXProject "Task7_AmazonPrime" */ = {
			isa = XCConfigurationList;
			buildConfigurations = (
				22CF44302604E1CA0063EB84 /* Debug */,
				22CF44312604E1CA0063EB84 /* Release */,
			);
			defaultConfigurationIsVisible = 0;
			defaultConfigurationName = Release;
		};
		22CF44322604E1CA0063EB84 /* Build configuration list for PBXNativeTarget "Task7_AmazonPrime" */ = {
			isa = XCConfigurationList;
			buildConfigurations = (
				22CF44332604E1CA0063EB84 /* Debug */,
				22CF44342604E1CA0063EB84 /* Release */,
			);
			defaultConfigurationIsVisible = 0;
			defaultConfigurationName = Release;
		};
/* End XCConfigurationList section */
	};
	rootObject = 22CF44162604E1C80063EB84 /* Project object */;
}
